
Microsoft Visual Studio Solution File, Format Version 12.00
# Visual Studio Version 16
VisualStudioVersion = 16.0.30309.148
MinimumVisualStudioVersion = 10.0.40219.1
Project("{FAE04EC0-301F-11D3-BF4B-00C04F79EFBC}") = "Home Task 10", "Home Task 10\Home Task 10.csproj", "{55D8E61A-083E-42A6-8173-0FA212D731DC}"
EndProject
Global
	GlobalSection(SolutionConfigurationPlatforms) = preSolution
		Debug|Any CPU = Debug|Any CPU
		Release|Any CPU = Release|Any CPU
	EndGlobalSection
	GlobalSection(ProjectConfigurationPlatforms) = postSolution
		{55D8E61A-083E-42A6-8173-0FA212D731DC}.Debug|Any CPU.ActiveCfg = Debug|Any CPU
		{55D8E61A-083E-42A6-8173-0FA212D731DC}.Debug|Any CPU.Build.0 = Debug|Any CPU
		{55D8E61A-083E-42A6-8173-0FA212D731DC}.Release|Any CPU.ActiveCfg = Release|Any CPU
		{55D8E61A-083E-42A6-8173-0FA212D731DC}.Release|Any CPU.Build.0 = Release|Any CPU
	EndGlobalSection
	GlobalSection(SolutionProperties) = preSolution
		HideSolutionNode = FALSE
	EndGlobalSection
	GlobalSection(ExtensibilityGlobals) = postSolution
		SolutionGuid = {5C9A35DC-5029-4640-98E7-76BFF5DD8648}
	EndGlobalSection
EndGlobal
